// !$*UTF8*$!
{
	archiveVersion = 1;
	classes = {
	};
	objectVersion = 46;
	objects = {

/* Begin PBXBuildFile section */
		720470C31C1E17B200EE0E63 /* ReadCollection+IndexedCollection.swift in Sources */ = {isa = PBXBuildFile; fileRef = 720470C21C1E17B200EE0E63 /* ReadCollection+IndexedCollection.swift */; };
		720558341C518D1300B0847E /* Disposable.swift in Sources */ = {isa = PBXBuildFile; fileRef = 720558331C518D1300B0847E /* Disposable.swift */; };
		720558361C518D2100B0847E /* DisposeBag.swift in Sources */ = {isa = PBXBuildFile; fileRef = 720558351C518D2100B0847E /* DisposeBag.swift */; };
		720558381C518D2F00B0847E /* ObservableCollection.swift in Sources */ = {isa = PBXBuildFile; fileRef = 720558371C518D2F00B0847E /* ObservableCollection.swift */; };
		7205583A1C518D5100B0847E /* ObserverOf.swift in Sources */ = {isa = PBXBuildFile; fileRef = 720558391C518D5100B0847E /* ObserverOf.swift */; };
		7205583E1C518E0600B0847E /* BasicDisposable.swift in Sources */ = {isa = PBXBuildFile; fileRef = 7205583D1C518E0600B0847E /* BasicDisposable.swift */; };
		720558401C51900E00B0847E /* TypedObservable.swift in Sources */ = {isa = PBXBuildFile; fileRef = 7205583F1C51900E00B0847E /* TypedObservable.swift */; };
		7206AFC01C4EF99A004E04D4 /* ObservingConnection.swift in Sources */ = {isa = PBXBuildFile; fileRef = 7206AFBF1C4EF99A004E04D4 /* ObservingConnection.swift */; };
		72088F841C1CD8C500127EA0 /* ReadTransaction.swift in Sources */ = {isa = PBXBuildFile; fileRef = 72088F831C1CD8C500127EA0 /* ReadTransaction.swift */; };
		72088F861C1CD8E200127EA0 /* ReadWriteTransaction.swift in Sources */ = {isa = PBXBuildFile; fileRef = 72088F851C1CD8E200127EA0 /* ReadWriteTransaction.swift */; };
		72088F881C1CD8FE00127EA0 /* Connection.swift in Sources */ = {isa = PBXBuildFile; fileRef = 72088F871C1CD8FE00127EA0 /* Connection.swift */; };
		72088F8A1C1CD91200127EA0 /* Database.swift in Sources */ = {isa = PBXBuildFile; fileRef = 72088F891C1CD91200127EA0 /* Database.swift */; };
		72088F8C1C1CD93E00127EA0 /* Extension.swift in Sources */ = {isa = PBXBuildFile; fileRef = 72088F8B1C1CD93E00127EA0 /* Extension.swift */; };
		72088F8E1C1CD95600127EA0 /* ExtensionConnection.swift in Sources */ = {isa = PBXBuildFile; fileRef = 72088F8D1C1CD95600127EA0 /* ExtensionConnection.swift */; };
		72088F901C1CD97A00127EA0 /* ExtensionWriteTransaction.swift in Sources */ = {isa = PBXBuildFile; fileRef = 72088F8F1C1CD97A00127EA0 /* ExtensionWriteTransaction.swift */; };
		72088F921C1CD9FA00127EA0 /* Collection.swift in Sources */ = {isa = PBXBuildFile; fileRef = 72088F911C1CD9FA00127EA0 /* Collection.swift */; };
		72088F941C1CDA1C00127EA0 /* ReadCollection.swift in Sources */ = {isa = PBXBuildFile; fileRef = 72088F931C1CDA1C00127EA0 /* ReadCollection.swift */; };
		72088F961C1CDA3200127EA0 /* ReadWriteCollection.swift in Sources */ = {isa = PBXBuildFile; fileRef = 72088F951C1CDA3200127EA0 /* ReadWriteCollection.swift */; };
		72088F981C1CE0B400127EA0 /* WritableCollection.swift in Sources */ = {isa = PBXBuildFile; fileRef = 72088F971C1CE0B400127EA0 /* WritableCollection.swift */; };
		72088F9A1C1CE15100127EA0 /* ReadableCollection.swift in Sources */ = {isa = PBXBuildFile; fileRef = 72088F991C1CE15100127EA0 /* ReadableCollection.swift */; };
		72088FAA1C1CE70800127EA0 /* CollectionsContainer.swift in Sources */ = {isa = PBXBuildFile; fileRef = 72088FA91C1CE70800127EA0 /* CollectionsContainer.swift */; };
		72088FAF1C1CEB6500127EA0 /* SecondaryIndex.swift in Sources */ = {isa = PBXBuildFile; fileRef = 72088FAE1C1CEB6500127EA0 /* SecondaryIndex.swift */; };
		72088FB11C1CEB8400127EA0 /* IndexedCollection.swift in Sources */ = {isa = PBXBuildFile; fileRef = 72088FB01C1CEB8400127EA0 /* IndexedCollection.swift */; };
		72088FB31C1CEB9500127EA0 /* IndexedProperties.swift in Sources */ = {isa = PBXBuildFile; fileRef = 72088FB21C1CEB9500127EA0 /* IndexedProperties.swift */; };
		72088FD71C1E10EF00127EA0 /* CollectionProperty.swift in Sources */ = {isa = PBXBuildFile; fileRef = 72088FD61C1E10EF00127EA0 /* CollectionProperty.swift */; };
		720C69DF1CA957EA005C12E3 /* ObservableRegressionTests.swift in Sources */ = {isa = PBXBuildFile; fileRef = 720C69DE1CA957EA005C12E3 /* ObservableRegressionTests.swift */; };
		720C69E11CA957FD005C12E3 /* SecondaryIndexingRegressionTests.swift in Sources */ = {isa = PBXBuildFile; fileRef = 720C69E01CA957FD005C12E3 /* SecondaryIndexingRegressionTests.swift */; };
		720C69E31CA9580B005C12E3 /* MigrationRegressionTests.swift in Sources */ = {isa = PBXBuildFile; fileRef = 720C69E21CA9580B005C12E3 /* MigrationRegressionTests.swift */; };
		720C69E61CA95848005C12E3 /* Collections.swift in Sources */ = {isa = PBXBuildFile; fileRef = 720C69E51CA95848005C12E3 /* Collections.swift */; };
		720C69E81CA95865005C12E3 /* CarModel.swift in Sources */ = {isa = PBXBuildFile; fileRef = 720C69E71CA95865005C12E3 /* CarModel.swift */; };
		720C69EA1CA958BF005C12E3 /* CarsCollection.swift in Sources */ = {isa = PBXBuildFile; fileRef = 720C69E91CA958BF005C12E3 /* CarsCollection.swift */; };
		720C69EC1CA95A10005C12E3 /* TestDatabase.swift in Sources */ = {isa = PBXBuildFile; fileRef = 720C69EB1CA95A10005C12E3 /* TestDatabase.swift */; };
		720C69EE1CA95E19005C12E3 /* WheelModel.swift in Sources */ = {isa = PBXBuildFile; fileRef = 720C69ED1CA95E19005C12E3 /* WheelModel.swift */; };
		720C69F01CA95E66005C12E3 /* WheelsCollection.swift in Sources */ = {isa = PBXBuildFile; fileRef = 720C69EF1CA95E66005C12E3 /* WheelsCollection.swift */; };
		720FA9B11C259D2000BEF295 /* ValuesSequence.swift in Sources */ = {isa = PBXBuildFile; fileRef = 720FA9B01C259D2000BEF295 /* ValuesSequence.swift */; };
		7218C9631C274778004457DB /* WeakBox.swift in Sources */ = {isa = PBXBuildFile; fileRef = 7218C9621C274778004457DB /* WeakBox.swift */; };
		7218C9661C274D94004457DB /* Dispatch.swift in Sources */ = {isa = PBXBuildFile; fileRef = 7218C9651C274D94004457DB /* Dispatch.swift */; };
		7218C9681C2809BB004457DB /* DispatchQueueType.swift in Sources */ = {isa = PBXBuildFile; fileRef = 7218C9671C2809BB004457DB /* DispatchQueueType.swift */; };
		72297A8C1C257B290001BE40 /* SQLiteRowChangeType.swift in Sources */ = {isa = PBXBuildFile; fileRef = 72297A8B1C257B290001BE40 /* SQLiteRowChangeType.swift */; };
		72297A8E1C257CDB0001BE40 /* CollectionRowChange.swift in Sources */ = {isa = PBXBuildFile; fileRef = 72297A8D1C257CDB0001BE40 /* CollectionRowChange.swift */; };
		72297A901C257CE00001BE40 /* ChangeSet.swift in Sources */ = {isa = PBXBuildFile; fileRef = 72297A8F1C257CE00001BE40 /* ChangeSet.swift */; };
		722DCF651C5EAE020011C1EF /* ExistingExtensionInstallation.swift in Sources */ = {isa = PBXBuildFile; fileRef = 722DCF641C5EAE020011C1EF /* ExistingExtensionInstallation.swift */; };
		723178CA1CA0A5230089E7A8 /* IndexedPropertyFromCollection.swift in Sources */ = {isa = PBXBuildFile; fileRef = 723178C91CA0A5230089E7A8 /* IndexedPropertyFromCollection.swift */; };
		723178CD1CA0A9040089E7A8 /* TypeErasedObservableCollection.swift in Sources */ = {isa = PBXBuildFile; fileRef = 723178CC1CA0A9040089E7A8 /* TypeErasedObservableCollection.swift */; };
		72345EA61C1E1B840001A136 /* SecondaryIndexConnection.swift in Sources */ = {isa = PBXBuildFile; fileRef = 72345EA51C1E1B840001A136 /* SecondaryIndexConnection.swift */; };
		72345EA81C1E1BA20001A136 /* SecondaryIndexWriteTransaction.swift in Sources */ = {isa = PBXBuildFile; fileRef = 72345EA71C1E1BA20001A136 /* SecondaryIndexWriteTransaction.swift */; };
		72345EAA1C1E254C0001A136 /* SQLiteAdapter.swift in Sources */ = {isa = PBXBuildFile; fileRef = 72345EA91C1E254C0001A136 /* SQLiteAdapter.swift */; };
		724C9B5C1C2575D700E9AD79 /* CollectionLocalStorage.swift in Sources */ = {isa = PBXBuildFile; fileRef = 724C9B5B1C2575D700E9AD79 /* CollectionLocalStorage.swift */; };
		724C9B5E1C2575F100E9AD79 /* TypeErasedCollectionLocalStorage.swift in Sources */ = {isa = PBXBuildFile; fileRef = 724C9B5D1C2575F100E9AD79 /* TypeErasedCollectionLocalStorage.swift */; };
		724E758A1CA5A04C0082841B /* ReadWriteCollection+IndexedCollection.swift in Sources */ = {isa = PBXBuildFile; fileRef = 724E75891CA5A04C0082841B /* ReadWriteCollection+IndexedCollection.swift */; };
		724E758E1CA5BA400082841B /* ObservableCollection+IndexedCollection.swift in Sources */ = {isa = PBXBuildFile; fileRef = 724E758D1CA5BA400082841B /* ObservableCollection+IndexedCollection.swift */; };
		724E75911CA5BD0B0082841B /* PreparedQuery.swift in Sources */ = {isa = PBXBuildFile; fileRef = 724E75901CA5BD0B0082841B /* PreparedQuery.swift */; };
		724E75931CA5BD160082841B /* ObservingConnection+PreparedQuery.swift in Sources */ = {isa = PBXBuildFile; fileRef = 724E75921CA5BD160082841B /* ObservingConnection+PreparedQuery.swift */; };
		724E75951CA5BD330082841B /* Connection+PreparedQuery.swift in Sources */ = {isa = PBXBuildFile; fileRef = 724E75941CA5BD330082841B /* Connection+PreparedQuery.swift */; };
		724E759A1CA69BD00082841B /* DatabaseMigrator.swift in Sources */ = {isa = PBXBuildFile; fileRef = 724E75991CA69BD00082841B /* DatabaseMigrator.swift */; };
		724E759C1CA69BE40082841B /* MigrationList.swift in Sources */ = {isa = PBXBuildFile; fileRef = 724E759B1CA69BE40082841B /* MigrationList.swift */; };
		724E759E1CA69BEF0082841B /* Migration.swift in Sources */ = {isa = PBXBuildFile; fileRef = 724E759D1CA69BEF0082841B /* Migration.swift */; };
		724E75A01CA6B54D0082841B /* Result.swift in Sources */ = {isa = PBXBuildFile; fileRef = 724E759F1CA6B54D0082841B /* Result.swift */; };
		724E75A21CA6BDFE0082841B /* MigrationState.swift in Sources */ = {isa = PBXBuildFile; fileRef = 724E75A11CA6BDFE0082841B /* MigrationState.swift */; };
		724E75A41CA6C0AD0082841B /* MigrationOperations.swift in Sources */ = {isa = PBXBuildFile; fileRef = 724E75A31CA6C0AD0082841B /* MigrationOperations.swift */; };
		724E75A61CA6C2890082841B /* CollectionMigration.swift in Sources */ = {isa = PBXBuildFile; fileRef = 724E75A51CA6C2890082841B /* CollectionMigration.swift */; };
		724E75A81CA6E3A80082841B /* CollectionMigrationOperations.swift in Sources */ = {isa = PBXBuildFile; fileRef = 724E75A71CA6E3A80082841B /* CollectionMigrationOperations.swift */; };
		724E75AB1CA6E3ED0082841B /* CollectionMigrationOperator.swift in Sources */ = {isa = PBXBuildFile; fileRef = 724E75AA1CA6E3ED0082841B /* CollectionMigrationOperator.swift */; };
		724E75AE1CA6F76F0082841B /* Logger.swift in Sources */ = {isa = PBXBuildFile; fileRef = 724E75AD1CA6F76F0082841B /* Logger.swift */; };
		724E75B91CA945270082841B /* BasicRegressionTests.swift in Sources */ = {isa = PBXBuildFile; fileRef = 724E75B81CA945270082841B /* BasicRegressionTests.swift */; };
		724E75BB1CA945270082841B /* Turf.framework in Frameworks */ = {isa = PBXBuildFile; fileRef = 72B616E01BAF474A00CFE67C /* Turf.framework */; };
		725E9E0F1C24B3A800364CE1 /* Cache.swift in Sources */ = {isa = PBXBuildFile; fileRef = 725E9E0E1C24B3A800364CE1 /* Cache.swift */; };
		725E9E111C24B45E00364CE1 /* CacheEntry.swift in Sources */ = {isa = PBXBuildFile; fileRef = 725E9E101C24B45E00364CE1 /* CacheEntry.swift */; };
		72610B581C5272BC0010D5B1 /* CallbackThread.swift in Sources */ = {isa = PBXBuildFile; fileRef = 72610B571C5272BC0010D5B1 /* CallbackThread.swift */; };
		72662B591C57BF310058F6EF /* SQLiteType.swift in Sources */ = {isa = PBXBuildFile; fileRef = 72662B581C57BF310058F6EF /* SQLiteType.swift */; };
		72662B5B1C57C0310058F6EF /* SQLiteTypeName.swift in Sources */ = {isa = PBXBuildFile; fileRef = 72662B5A1C57C0310058F6EF /* SQLiteTypeName.swift */; };
		72662B5F1C57E7FE0058F6EF /* IndexedProperty.swift in Sources */ = {isa = PBXBuildFile; fileRef = 72662B5E1C57E7FE0058F6EF /* IndexedProperty.swift */; };
		7269F0351C56DD7C007FF29B /* CollectionTypeObserver.swift in Sources */ = {isa = PBXBuildFile; fileRef = 7269F0341C56DD7C007FF29B /* CollectionTypeObserver.swift */; };
		726D24531C767D5C003CE68C /* libsqlite3.tbd in Frameworks */ = {isa = PBXBuildFile; fileRef = 726D24521C767D5C003CE68C /* libsqlite3.tbd */; };
		726D24551C767F02003CE68C /* sqlite3.h in Headers */ = {isa = PBXBuildFile; fileRef = 726D24541C767F02003CE68C /* sqlite3.h */; settings = {ATTRIBUTES = (Public, ); }; };
		7277F5481C4C01040081118D /* SQLiteCollection.swift in Sources */ = {isa = PBXBuildFile; fileRef = 7277F5471C4C01040081118D /* SQLiteCollection.swift */; };
		727B02481CA55B3B006D245A /* WhereClause.swift in Sources */ = {isa = PBXBuildFile; fileRef = 727B02471CA55B3B006D245A /* WhereClause.swift */; };
		727B024A1CA56BC5006D245A /* WhereClauses.swift in Sources */ = {isa = PBXBuildFile; fileRef = 727B02491CA56BC5006D245A /* WhereClauses.swift */; };
		728C235C1C3B121E0033D986 /* CacheUpdates.swift in Sources */ = {isa = PBXBuildFile; fileRef = 728C235B1C3B121E0033D986 /* CacheUpdates.swift */; };
		72B616E41BAF474A00CFE67C /* Turf.h in Headers */ = {isa = PBXBuildFile; fileRef = 72B616E31BAF474A00CFE67C /* Turf.h */; settings = {ATTRIBUTES = (Public, ); }; };
		72CC14631C271A2A0048F331 /* TypeErasedCollection.swift in Sources */ = {isa = PBXBuildFile; fileRef = 72CC14621C271A2A0048F331 /* TypeErasedCollection.swift */; };
		72E1D9DF1C260C4B007335A1 /* SQLStatementCache.swift in Sources */ = {isa = PBXBuildFile; fileRef = 72E1D9DE1C260C4B007335A1 /* SQLStatementCache.swift */; };
		72E7F4EA1C3433D9009C1D9D /* SQLiteError.swift in Sources */ = {isa = PBXBuildFile; fileRef = 72E7F4E91C3433D9009C1D9D /* SQLiteError.swift */; };
		72F6F7001C24622A0059D72C /* ExtendedCollection.swift in Sources */ = {isa = PBXBuildFile; fileRef = 72F6F6FF1C24622A0059D72C /* ExtendedCollection.swift */; };
		F198DD211CC292E0008E9464 /* UnindexedTreesCollection.swift in Sources */ = {isa = PBXBuildFile; fileRef = F198DD201CC292E0008E9464 /* UnindexedTreesCollection.swift */; };
		F198DD231CC297A8008E9464 /* IndexedTreesCollection.swift in Sources */ = {isa = PBXBuildFile; fileRef = F198DD221CC297A8008E9464 /* IndexedTreesCollection.swift */; };
		F198DD251CC297CF008E9464 /* TreeModel.swift in Sources */ = {isa = PBXBuildFile; fileRef = F198DD241CC297CF008E9464 /* TreeModel.swift */; };
/* End PBXBuildFile section */

/* Begin PBXContainerItemProxy section */
		724E75BC1CA945270082841B /* PBXContainerItemProxy */ = {
			isa = PBXContainerItemProxy;
			containerPortal = 72B616D71BAF474A00CFE67C /* Project object */;
			proxyType = 1;
			remoteGlobalIDString = 72B616DF1BAF474A00CFE67C;
			remoteInfo = Turf;
		};
/* End PBXContainerItemProxy section */

/* Begin PBXFileReference section */
		720470C21C1E17B200EE0E63 /* ReadCollection+IndexedCollection.swift */ = {isa = PBXFileReference; fileEncoding = 4; lastKnownFileType = sourcecode.swift; path = "ReadCollection+IndexedCollection.swift"; sourceTree = "<group>"; };
		720558331C518D1300B0847E /* Disposable.swift */ = {isa = PBXFileReference; fileEncoding = 4; lastKnownFileType = sourcecode.swift; path = Disposable.swift; sourceTree = "<group>"; };
		720558351C518D2100B0847E /* DisposeBag.swift */ = {isa = PBXFileReference; fileEncoding = 4; lastKnownFileType = sourcecode.swift; path = DisposeBag.swift; sourceTree = "<group>"; };
		720558371C518D2F00B0847E /* ObservableCollection.swift */ = {isa = PBXFileReference; fileEncoding = 4; lastKnownFileType = sourcecode.swift; path = ObservableCollection.swift; sourceTree = "<group>"; };
		720558391C518D5100B0847E /* ObserverOf.swift */ = {isa = PBXFileReference; fileEncoding = 4; lastKnownFileType = sourcecode.swift; path = ObserverOf.swift; sourceTree = "<group>"; };
		7205583D1C518E0600B0847E /* BasicDisposable.swift */ = {isa = PBXFileReference; fileEncoding = 4; lastKnownFileType = sourcecode.swift; path = BasicDisposable.swift; sourceTree = "<group>"; };
		7205583F1C51900E00B0847E /* TypedObservable.swift */ = {isa = PBXFileReference; fileEncoding = 4; lastKnownFileType = sourcecode.swift; path = TypedObservable.swift; sourceTree = "<group>"; };
		7206AFBF1C4EF99A004E04D4 /* ObservingConnection.swift */ = {isa = PBXFileReference; fileEncoding = 4; lastKnownFileType = sourcecode.swift; path = ObservingConnection.swift; sourceTree = "<group>"; };
		72088F831C1CD8C500127EA0 /* ReadTransaction.swift */ = {isa = PBXFileReference; fileEncoding = 4; lastKnownFileType = sourcecode.swift; path = ReadTransaction.swift; sourceTree = "<group>"; };
		72088F851C1CD8E200127EA0 /* ReadWriteTransaction.swift */ = {isa = PBXFileReference; fileEncoding = 4; lastKnownFileType = sourcecode.swift; path = ReadWriteTransaction.swift; sourceTree = "<group>"; };
		72088F871C1CD8FE00127EA0 /* Connection.swift */ = {isa = PBXFileReference; fileEncoding = 4; lastKnownFileType = sourcecode.swift; path = Connection.swift; sourceTree = "<group>"; };
		72088F891C1CD91200127EA0 /* Database.swift */ = {isa = PBXFileReference; fileEncoding = 4; lastKnownFileType = sourcecode.swift; path = Database.swift; sourceTree = "<group>"; };
		72088F8B1C1CD93E00127EA0 /* Extension.swift */ = {isa = PBXFileReference; fileEncoding = 4; lastKnownFileType = sourcecode.swift; path = Extension.swift; sourceTree = "<group>"; };
		72088F8D1C1CD95600127EA0 /* ExtensionConnection.swift */ = {isa = PBXFileReference; fileEncoding = 4; lastKnownFileType = sourcecode.swift; path = ExtensionConnection.swift; sourceTree = "<group>"; };
		72088F8F1C1CD97A00127EA0 /* ExtensionWriteTransaction.swift */ = {isa = PBXFileReference; fileEncoding = 4; lastKnownFileType = sourcecode.swift; path = ExtensionWriteTransaction.swift; sourceTree = "<group>"; };
		72088F911C1CD9FA00127EA0 /* Collection.swift */ = {isa = PBXFileReference; fileEncoding = 4; lastKnownFileType = sourcecode.swift; path = Collection.swift; sourceTree = "<group>"; };
		72088F931C1CDA1C00127EA0 /* ReadCollection.swift */ = {isa = PBXFileReference; fileEncoding = 4; lastKnownFileType = sourcecode.swift; path = ReadCollection.swift; sourceTree = "<group>"; };
		72088F951C1CDA3200127EA0 /* ReadWriteCollection.swift */ = {isa = PBXFileReference; fileEncoding = 4; lastKnownFileType = sourcecode.swift; path = ReadWriteCollection.swift; sourceTree = "<group>"; };
		72088F971C1CE0B400127EA0 /* WritableCollection.swift */ = {isa = PBXFileReference; fileEncoding = 4; lastKnownFileType = sourcecode.swift; path = WritableCollection.swift; sourceTree = "<group>"; };
		72088F991C1CE15100127EA0 /* ReadableCollection.swift */ = {isa = PBXFileReference; fileEncoding = 4; lastKnownFileType = sourcecode.swift; path = ReadableCollection.swift; sourceTree = "<group>"; };
		72088FA91C1CE70800127EA0 /* CollectionsContainer.swift */ = {isa = PBXFileReference; fileEncoding = 4; lastKnownFileType = sourcecode.swift; path = CollectionsContainer.swift; sourceTree = "<group>"; };
		72088FAE1C1CEB6500127EA0 /* SecondaryIndex.swift */ = {isa = PBXFileReference; fileEncoding = 4; lastKnownFileType = sourcecode.swift; path = SecondaryIndex.swift; sourceTree = "<group>"; };
		72088FB01C1CEB8400127EA0 /* IndexedCollection.swift */ = {isa = PBXFileReference; fileEncoding = 4; lastKnownFileType = sourcecode.swift; path = IndexedCollection.swift; sourceTree = "<group>"; };
		72088FB21C1CEB9500127EA0 /* IndexedProperties.swift */ = {isa = PBXFileReference; fileEncoding = 4; lastKnownFileType = sourcecode.swift; path = IndexedProperties.swift; sourceTree = "<group>"; };
		72088FD61C1E10EF00127EA0 /* CollectionProperty.swift */ = {isa = PBXFileReference; fileEncoding = 4; lastKnownFileType = sourcecode.swift; path = CollectionProperty.swift; sourceTree = "<group>"; };
		720C69DE1CA957EA005C12E3 /* ObservableRegressionTests.swift */ = {isa = PBXFileReference; fileEncoding = 4; lastKnownFileType = sourcecode.swift; path = ObservableRegressionTests.swift; sourceTree = "<group>"; };
		720C69E01CA957FD005C12E3 /* SecondaryIndexingRegressionTests.swift */ = {isa = PBXFileReference; fileEncoding = 4; lastKnownFileType = sourcecode.swift; path = SecondaryIndexingRegressionTests.swift; sourceTree = "<group>"; };
		720C69E21CA9580B005C12E3 /* MigrationRegressionTests.swift */ = {isa = PBXFileReference; fileEncoding = 4; lastKnownFileType = sourcecode.swift; path = MigrationRegressionTests.swift; sourceTree = "<group>"; };
		720C69E51CA95848005C12E3 /* Collections.swift */ = {isa = PBXFileReference; fileEncoding = 4; lastKnownFileType = sourcecode.swift; path = Collections.swift; sourceTree = "<group>"; };
		720C69E71CA95865005C12E3 /* CarModel.swift */ = {isa = PBXFileReference; fileEncoding = 4; lastKnownFileType = sourcecode.swift; path = CarModel.swift; sourceTree = "<group>"; };
		720C69E91CA958BF005C12E3 /* CarsCollection.swift */ = {isa = PBXFileReference; fileEncoding = 4; lastKnownFileType = sourcecode.swift; path = CarsCollection.swift; sourceTree = "<group>"; };
		720C69EB1CA95A10005C12E3 /* TestDatabase.swift */ = {isa = PBXFileReference; fileEncoding = 4; lastKnownFileType = sourcecode.swift; path = TestDatabase.swift; sourceTree = "<group>"; };
		720C69ED1CA95E19005C12E3 /* WheelModel.swift */ = {isa = PBXFileReference; fileEncoding = 4; lastKnownFileType = sourcecode.swift; path = WheelModel.swift; sourceTree = "<group>"; };
		720C69EF1CA95E66005C12E3 /* WheelsCollection.swift */ = {isa = PBXFileReference; fileEncoding = 4; lastKnownFileType = sourcecode.swift; path = WheelsCollection.swift; sourceTree = "<group>"; };
		720FA9B01C259D2000BEF295 /* ValuesSequence.swift */ = {isa = PBXFileReference; fileEncoding = 4; lastKnownFileType = sourcecode.swift; path = ValuesSequence.swift; sourceTree = "<group>"; };
		7218C9621C274778004457DB /* WeakBox.swift */ = {isa = PBXFileReference; fileEncoding = 4; lastKnownFileType = sourcecode.swift; path = WeakBox.swift; sourceTree = "<group>"; };
		7218C9651C274D94004457DB /* Dispatch.swift */ = {isa = PBXFileReference; fileEncoding = 4; lastKnownFileType = sourcecode.swift; path = Dispatch.swift; sourceTree = "<group>"; };
		7218C9671C2809BB004457DB /* DispatchQueueType.swift */ = {isa = PBXFileReference; fileEncoding = 4; lastKnownFileType = sourcecode.swift; path = DispatchQueueType.swift; sourceTree = "<group>"; };
		72297A8B1C257B290001BE40 /* SQLiteRowChangeType.swift */ = {isa = PBXFileReference; fileEncoding = 4; lastKnownFileType = sourcecode.swift; path = SQLiteRowChangeType.swift; sourceTree = "<group>"; };
		72297A8D1C257CDB0001BE40 /* CollectionRowChange.swift */ = {isa = PBXFileReference; fileEncoding = 4; lastKnownFileType = sourcecode.swift; path = CollectionRowChange.swift; sourceTree = "<group>"; };
		72297A8F1C257CE00001BE40 /* ChangeSet.swift */ = {isa = PBXFileReference; fileEncoding = 4; lastKnownFileType = sourcecode.swift; path = ChangeSet.swift; sourceTree = "<group>"; };
		722DCF641C5EAE020011C1EF /* ExistingExtensionInstallation.swift */ = {isa = PBXFileReference; fileEncoding = 4; lastKnownFileType = sourcecode.swift; path = ExistingExtensionInstallation.swift; sourceTree = "<group>"; };
		723178C91CA0A5230089E7A8 /* IndexedPropertyFromCollection.swift */ = {isa = PBXFileReference; fileEncoding = 4; lastKnownFileType = sourcecode.swift; path = IndexedPropertyFromCollection.swift; sourceTree = "<group>"; };
		723178CC1CA0A9040089E7A8 /* TypeErasedObservableCollection.swift */ = {isa = PBXFileReference; fileEncoding = 4; lastKnownFileType = sourcecode.swift; path = TypeErasedObservableCollection.swift; sourceTree = "<group>"; };
		72345EA51C1E1B840001A136 /* SecondaryIndexConnection.swift */ = {isa = PBXFileReference; fileEncoding = 4; lastKnownFileType = sourcecode.swift; path = SecondaryIndexConnection.swift; sourceTree = "<group>"; };
		72345EA71C1E1BA20001A136 /* SecondaryIndexWriteTransaction.swift */ = {isa = PBXFileReference; fileEncoding = 4; lastKnownFileType = sourcecode.swift; path = SecondaryIndexWriteTransaction.swift; sourceTree = "<group>"; };
		72345EA91C1E254C0001A136 /* SQLiteAdapter.swift */ = {isa = PBXFileReference; fileEncoding = 4; lastKnownFileType = sourcecode.swift; path = SQLiteAdapter.swift; sourceTree = "<group>"; };
		724C9B5B1C2575D700E9AD79 /* CollectionLocalStorage.swift */ = {isa = PBXFileReference; fileEncoding = 4; lastKnownFileType = sourcecode.swift; path = CollectionLocalStorage.swift; sourceTree = "<group>"; };
		724C9B5D1C2575F100E9AD79 /* TypeErasedCollectionLocalStorage.swift */ = {isa = PBXFileReference; fileEncoding = 4; lastKnownFileType = sourcecode.swift; path = TypeErasedCollectionLocalStorage.swift; sourceTree = "<group>"; };
		724E75891CA5A04C0082841B /* ReadWriteCollection+IndexedCollection.swift */ = {isa = PBXFileReference; fileEncoding = 4; lastKnownFileType = sourcecode.swift; path = "ReadWriteCollection+IndexedCollection.swift"; sourceTree = "<group>"; };
		724E758D1CA5BA400082841B /* ObservableCollection+IndexedCollection.swift */ = {isa = PBXFileReference; fileEncoding = 4; lastKnownFileType = sourcecode.swift; path = "ObservableCollection+IndexedCollection.swift"; sourceTree = "<group>"; };
		724E75901CA5BD0B0082841B /* PreparedQuery.swift */ = {isa = PBXFileReference; fileEncoding = 4; lastKnownFileType = sourcecode.swift; path = PreparedQuery.swift; sourceTree = "<group>"; };
		724E75921CA5BD160082841B /* ObservingConnection+PreparedQuery.swift */ = {isa = PBXFileReference; fileEncoding = 4; lastKnownFileType = sourcecode.swift; path = "ObservingConnection+PreparedQuery.swift"; sourceTree = "<group>"; };
		724E75941CA5BD330082841B /* Connection+PreparedQuery.swift */ = {isa = PBXFileReference; fileEncoding = 4; lastKnownFileType = sourcecode.swift; path = "Connection+PreparedQuery.swift"; sourceTree = "<group>"; };
		724E75991CA69BD00082841B /* DatabaseMigrator.swift */ = {isa = PBXFileReference; fileEncoding = 4; lastKnownFileType = sourcecode.swift; path = DatabaseMigrator.swift; sourceTree = "<group>"; };
		724E759B1CA69BE40082841B /* MigrationList.swift */ = {isa = PBXFileReference; fileEncoding = 4; lastKnownFileType = sourcecode.swift; path = MigrationList.swift; sourceTree = "<group>"; };
		724E759D1CA69BEF0082841B /* Migration.swift */ = {isa = PBXFileReference; fileEncoding = 4; lastKnownFileType = sourcecode.swift; path = Migration.swift; sourceTree = "<group>"; };
		724E759F1CA6B54D0082841B /* Result.swift */ = {isa = PBXFileReference; fileEncoding = 4; lastKnownFileType = sourcecode.swift; path = Result.swift; sourceTree = "<group>"; };
		724E75A11CA6BDFE0082841B /* MigrationState.swift */ = {isa = PBXFileReference; fileEncoding = 4; lastKnownFileType = sourcecode.swift; path = MigrationState.swift; sourceTree = "<group>"; };
		724E75A31CA6C0AD0082841B /* MigrationOperations.swift */ = {isa = PBXFileReference; fileEncoding = 4; lastKnownFileType = sourcecode.swift; path = MigrationOperations.swift; sourceTree = "<group>"; };
		724E75A51CA6C2890082841B /* CollectionMigration.swift */ = {isa = PBXFileReference; fileEncoding = 4; lastKnownFileType = sourcecode.swift; path = CollectionMigration.swift; sourceTree = "<group>"; };
		724E75A71CA6E3A80082841B /* CollectionMigrationOperations.swift */ = {isa = PBXFileReference; fileEncoding = 4; lastKnownFileType = sourcecode.swift; path = CollectionMigrationOperations.swift; sourceTree = "<group>"; };
		724E75AA1CA6E3ED0082841B /* CollectionMigrationOperator.swift */ = {isa = PBXFileReference; fileEncoding = 4; lastKnownFileType = sourcecode.swift; path = CollectionMigrationOperator.swift; sourceTree = "<group>"; };
		724E75AD1CA6F76F0082841B /* Logger.swift */ = {isa = PBXFileReference; fileEncoding = 4; lastKnownFileType = sourcecode.swift; path = Logger.swift; sourceTree = "<group>"; };
		724E75B61CA945270082841B /* TurfRegressionTests.xctest */ = {isa = PBXFileReference; explicitFileType = wrapper.cfbundle; includeInIndex = 0; path = TurfRegressionTests.xctest; sourceTree = BUILT_PRODUCTS_DIR; };
		724E75B81CA945270082841B /* BasicRegressionTests.swift */ = {isa = PBXFileReference; lastKnownFileType = sourcecode.swift; path = BasicRegressionTests.swift; sourceTree = "<group>"; };
		724E75BA1CA945270082841B /* Info.plist */ = {isa = PBXFileReference; lastKnownFileType = text.plist.xml; path = Info.plist; sourceTree = "<group>"; };
		725E9E0E1C24B3A800364CE1 /* Cache.swift */ = {isa = PBXFileReference; fileEncoding = 4; lastKnownFileType = sourcecode.swift; path = Cache.swift; sourceTree = "<group>"; };
		725E9E101C24B45E00364CE1 /* CacheEntry.swift */ = {isa = PBXFileReference; fileEncoding = 4; lastKnownFileType = sourcecode.swift; path = CacheEntry.swift; sourceTree = "<group>"; };
		72610B571C5272BC0010D5B1 /* CallbackThread.swift */ = {isa = PBXFileReference; fileEncoding = 4; lastKnownFileType = sourcecode.swift; path = CallbackThread.swift; sourceTree = "<group>"; };
		72662B581C57BF310058F6EF /* SQLiteType.swift */ = {isa = PBXFileReference; fileEncoding = 4; lastKnownFileType = sourcecode.swift; path = SQLiteType.swift; sourceTree = "<group>"; };
		72662B5A1C57C0310058F6EF /* SQLiteTypeName.swift */ = {isa = PBXFileReference; fileEncoding = 4; lastKnownFileType = sourcecode.swift; path = SQLiteTypeName.swift; sourceTree = "<group>"; };
		72662B5E1C57E7FE0058F6EF /* IndexedProperty.swift */ = {isa = PBXFileReference; fileEncoding = 4; lastKnownFileType = sourcecode.swift; path = IndexedProperty.swift; sourceTree = "<group>"; };
		7269F0341C56DD7C007FF29B /* CollectionTypeObserver.swift */ = {isa = PBXFileReference; fileEncoding = 4; lastKnownFileType = sourcecode.swift; path = CollectionTypeObserver.swift; sourceTree = "<group>"; };
		726D24521C767D5C003CE68C /* libsqlite3.tbd */ = {isa = PBXFileReference; lastKnownFileType = "sourcecode.text-based-dylib-definition"; name = libsqlite3.tbd; path = usr/lib/libsqlite3.tbd; sourceTree = SDKROOT; };
		726D24541C767F02003CE68C /* sqlite3.h */ = {isa = PBXFileReference; fileEncoding = 4; lastKnownFileType = sourcecode.c.h; name = sqlite3.h; path = usr/include/sqlite3.h; sourceTree = SDKROOT; };
		7277F5471C4C01040081118D /* SQLiteCollection.swift */ = {isa = PBXFileReference; fileEncoding = 4; lastKnownFileType = sourcecode.swift; path = SQLiteCollection.swift; sourceTree = "<group>"; };
		727B02471CA55B3B006D245A /* WhereClause.swift */ = {isa = PBXFileReference; fileEncoding = 4; lastKnownFileType = sourcecode.swift; path = WhereClause.swift; sourceTree = "<group>"; };
		727B02491CA56BC5006D245A /* WhereClauses.swift */ = {isa = PBXFileReference; fileEncoding = 4; lastKnownFileType = sourcecode.swift; path = WhereClauses.swift; sourceTree = "<group>"; };
		728C235B1C3B121E0033D986 /* CacheUpdates.swift */ = {isa = PBXFileReference; fileEncoding = 4; lastKnownFileType = sourcecode.swift; path = CacheUpdates.swift; sourceTree = "<group>"; };
		72B616E01BAF474A00CFE67C /* Turf.framework */ = {isa = PBXFileReference; explicitFileType = wrapper.framework; includeInIndex = 0; path = Turf.framework; sourceTree = BUILT_PRODUCTS_DIR; };
		72B616E31BAF474A00CFE67C /* Turf.h */ = {isa = PBXFileReference; lastKnownFileType = sourcecode.c.h; path = Turf.h; sourceTree = "<group>"; };
		72B616E51BAF474A00CFE67C /* Info.plist */ = {isa = PBXFileReference; lastKnownFileType = text.plist.xml; path = Info.plist; sourceTree = "<group>"; };
		72CC14621C271A2A0048F331 /* TypeErasedCollection.swift */ = {isa = PBXFileReference; fileEncoding = 4; lastKnownFileType = sourcecode.swift; path = TypeErasedCollection.swift; sourceTree = "<group>"; };
		72D37B7E1BC326770087153A /* iOS.modulemap */ = {isa = PBXFileReference; fileEncoding = 4; lastKnownFileType = "sourcecode.module-map"; path = iOS.modulemap; sourceTree = "<group>"; };
		72E1D9DE1C260C4B007335A1 /* SQLStatementCache.swift */ = {isa = PBXFileReference; fileEncoding = 4; lastKnownFileType = sourcecode.swift; path = SQLStatementCache.swift; sourceTree = "<group>"; };
		72E7F4E91C3433D9009C1D9D /* SQLiteError.swift */ = {isa = PBXFileReference; fileEncoding = 4; lastKnownFileType = sourcecode.swift; path = SQLiteError.swift; sourceTree = "<group>"; };
		72F6F6FF1C24622A0059D72C /* ExtendedCollection.swift */ = {isa = PBXFileReference; fileEncoding = 4; lastKnownFileType = sourcecode.swift; path = ExtendedCollection.swift; sourceTree = "<group>"; };
		F198DD201CC292E0008E9464 /* UnindexedTreesCollection.swift */ = {isa = PBXFileReference; fileEncoding = 4; lastKnownFileType = sourcecode.swift; path = UnindexedTreesCollection.swift; sourceTree = "<group>"; };
		F198DD221CC297A8008E9464 /* IndexedTreesCollection.swift */ = {isa = PBXFileReference; fileEncoding = 4; lastKnownFileType = sourcecode.swift; path = IndexedTreesCollection.swift; sourceTree = "<group>"; };
		F198DD241CC297CF008E9464 /* TreeModel.swift */ = {isa = PBXFileReference; fileEncoding = 4; lastKnownFileType = sourcecode.swift; path = TreeModel.swift; sourceTree = "<group>"; };
/* End PBXFileReference section */

/* Begin PBXFrameworksBuildPhase section */
		724E75B31CA945270082841B /* Frameworks */ = {
			isa = PBXFrameworksBuildPhase;
			buildActionMask = 2147483647;
			files = (
				724E75BB1CA945270082841B /* Turf.framework in Frameworks */,
			);
			runOnlyForDeploymentPostprocessing = 0;
		};
		72B616DC1BAF474A00CFE67C /* Frameworks */ = {
			isa = PBXFrameworksBuildPhase;
			buildActionMask = 2147483647;
			files = (
				726D24531C767D5C003CE68C /* libsqlite3.tbd in Frameworks */,
			);
			runOnlyForDeploymentPostprocessing = 0;
		};
/* End PBXFrameworksBuildPhase section */

/* Begin PBXGroup section */
		720558321C518CF000B0847E /* Observable */ = {
			isa = PBXGroup;
			children = (
				723178CB1CA0A8F00089E7A8 /* Internals */,
				7205583D1C518E0600B0847E /* BasicDisposable.swift */,
				72610B571C5272BC0010D5B1 /* CallbackThread.swift */,
				7269F0341C56DD7C007FF29B /* CollectionTypeObserver.swift */,
				720558331C518D1300B0847E /* Disposable.swift */,
				720558351C518D2100B0847E /* DisposeBag.swift */,
				720558371C518D2F00B0847E /* ObservableCollection.swift */,
				720558391C518D5100B0847E /* ObserverOf.swift */,
				7205583F1C51900E00B0847E /* TypedObservable.swift */,
			);
			path = Observable;
			sourceTree = "<group>";
		};
		72088F7B1C1CD75800127EA0 /* SQLiteAdapter */ = {
			isa = PBXGroup;
			children = (
				72345EA91C1E254C0001A136 /* SQLiteAdapter.swift */,
				72E7F4E91C3433D9009C1D9D /* SQLiteError.swift */,
				72297A8B1C257B290001BE40 /* SQLiteRowChangeType.swift */,
				7277F5471C4C01040081118D /* SQLiteCollection.swift */,
				72662B581C57BF310058F6EF /* SQLiteType.swift */,
				72662B5A1C57C0310058F6EF /* SQLiteTypeName.swift */,
			);
			path = SQLiteAdapter;
			sourceTree = "<group>";
		};
		72088F7C1C1CD76400127EA0 /* Collection */ = {
			isa = PBXGroup;
			children = (
				724C9B5A1C2575BD00E9AD79 /* Internals */,
				72088F911C1CD9FA00127EA0 /* Collection.swift */,
				72088FD61C1E10EF00127EA0 /* CollectionProperty.swift */,
				72088F991C1CE15100127EA0 /* ReadableCollection.swift */,
				72088F931C1CDA1C00127EA0 /* ReadCollection.swift */,
				72088F951C1CDA3200127EA0 /* ReadWriteCollection.swift */,
				72088F971C1CE0B400127EA0 /* WritableCollection.swift */,
				720FA9B01C259D2000BEF295 /* ValuesSequence.swift */,
			);
			path = Collection;
			sourceTree = "<group>";
		};
		72088F7F1C1CD7B400127EA0 /* Extensions */ = {
			isa = PBXGroup;
			children = (
				72088F811C1CD7BF00127EA0 /* SecondaryIndex */,
				72088F801C1CD7BA00127EA0 /* Protocols */,
			);
			path = Extensions;
			sourceTree = "<group>";
		};
		72088F801C1CD7BA00127EA0 /* Protocols */ = {
			isa = PBXGroup;
			children = (
				72F6F6FF1C24622A0059D72C /* ExtendedCollection.swift */,
				72088F8B1C1CD93E00127EA0 /* Extension.swift */,
				72088F8D1C1CD95600127EA0 /* ExtensionConnection.swift */,
				72088F8F1C1CD97A00127EA0 /* ExtensionWriteTransaction.swift */,
				722DCF641C5EAE020011C1EF /* ExistingExtensionInstallation.swift */,
			);
			path = Protocols;
			sourceTree = "<group>";
		};
		72088F811C1CD7BF00127EA0 /* SecondaryIndex */ = {
			isa = PBXGroup;
			children = (
				72345EA41C1E1B680001A136 /* Internals */,
				724E758F1CA5BCD90082841B /* PreparedQueries */,
				72088FB01C1CEB8400127EA0 /* IndexedCollection.swift */,
				72088FB21C1CEB9500127EA0 /* IndexedProperties.swift */,
				72662B5E1C57E7FE0058F6EF /* IndexedProperty.swift */,
				723178C91CA0A5230089E7A8 /* IndexedPropertyFromCollection.swift */,
				720470C21C1E17B200EE0E63 /* ReadCollection+IndexedCollection.swift */,
				724E75891CA5A04C0082841B /* ReadWriteCollection+IndexedCollection.swift */,
				72088FAE1C1CEB6500127EA0 /* SecondaryIndex.swift */,
				727B02471CA55B3B006D245A /* WhereClause.swift */,
				724E758D1CA5BA400082841B /* ObservableCollection+IndexedCollection.swift */,
			);
			path = SecondaryIndex;
			sourceTree = "<group>";
		};
		72088F821C1CD7C900127EA0 /* Core */ = {
			isa = PBXGroup;
			children = (
				72088FA91C1CE70800127EA0 /* CollectionsContainer.swift */,
				72088F871C1CD8FE00127EA0 /* Connection.swift */,
				72088F891C1CD91200127EA0 /* Database.swift */,
				7206AFBF1C4EF99A004E04D4 /* ObservingConnection.swift */,
				72088F831C1CD8C500127EA0 /* ReadTransaction.swift */,
				72088F851C1CD8E200127EA0 /* ReadWriteTransaction.swift */,
			);
			path = Core;
			sourceTree = "<group>";
		};
		720C69E41CA9582A005C12E3 /* Common */ = {
			isa = PBXGroup;
			children = (
				720C69E51CA95848005C12E3 /* Collections.swift */,
				720C69E71CA95865005C12E3 /* CarModel.swift */,
				720C69E91CA958BF005C12E3 /* CarsCollection.swift */,
				720C69EB1CA95A10005C12E3 /* TestDatabase.swift */,
				720C69ED1CA95E19005C12E3 /* WheelModel.swift */,
				720C69EF1CA95E66005C12E3 /* WheelsCollection.swift */,
				F198DD241CC297CF008E9464 /* TreeModel.swift */,
				F198DD201CC292E0008E9464 /* UnindexedTreesCollection.swift */,
				F198DD221CC297A8008E9464 /* IndexedTreesCollection.swift */,
			);
			path = Common;
			sourceTree = "<group>";
		};
		7218C9611C274760004457DB /* Weak */ = {
			isa = PBXGroup;
			children = (
				7218C9621C274778004457DB /* WeakBox.swift */,
			);
			path = Weak;
			sourceTree = "<group>";
		};
		7218C9641C274D6D004457DB /* GCDWrapper */ = {
			isa = PBXGroup;
			children = (
				7218C9651C274D94004457DB /* Dispatch.swift */,
				7218C9671C2809BB004457DB /* DispatchQueueType.swift */,
			);
			path = GCDWrapper;
			sourceTree = "<group>";
		};
		72297A8A1C257AF90001BE40 /* ChangeSet */ = {
			isa = PBXGroup;
			children = (
				72297A8D1C257CDB0001BE40 /* CollectionRowChange.swift */,
				72297A8F1C257CE00001BE40 /* ChangeSet.swift */,
				728C235B1C3B121E0033D986 /* CacheUpdates.swift */,
			);
			path = ChangeSet;
			sourceTree = "<group>";
		};
		723178CB1CA0A8F00089E7A8 /* Internals */ = {
			isa = PBXGroup;
			children = (
				723178CC1CA0A9040089E7A8 /* TypeErasedObservableCollection.swift */,
			);
			path = Internals;
			sourceTree = "<group>";
		};
		72345EA41C1E1B680001A136 /* Internals */ = {
			isa = PBXGroup;
			children = (
				72345EA51C1E1B840001A136 /* SecondaryIndexConnection.swift */,
				72345EA71C1E1BA20001A136 /* SecondaryIndexWriteTransaction.swift */,
				727B02491CA56BC5006D245A /* WhereClauses.swift */,
			);
			path = Internals;
			sourceTree = "<group>";
		};
		724C9B5A1C2575BD00E9AD79 /* Internals */ = {
			isa = PBXGroup;
			children = (
				724C9B5B1C2575D700E9AD79 /* CollectionLocalStorage.swift */,
				724C9B5D1C2575F100E9AD79 /* TypeErasedCollectionLocalStorage.swift */,
				72CC14621C271A2A0048F331 /* TypeErasedCollection.swift */,
			);
			path = Internals;
			sourceTree = "<group>";
		};
		724E758F1CA5BCD90082841B /* PreparedQueries */ = {
			isa = PBXGroup;
			children = (
				724E75941CA5BD330082841B /* Connection+PreparedQuery.swift */,
				724E75921CA5BD160082841B /* ObservingConnection+PreparedQuery.swift */,
				724E75901CA5BD0B0082841B /* PreparedQuery.swift */,
			);
			path = PreparedQueries;
			sourceTree = "<group>";
		};
		724E75961CA69B010082841B /* Migrations */ = {
			isa = PBXGroup;
			children = (
				724E75A91CA6E3BD0082841B /* Internals */,
				724E75A51CA6C2890082841B /* CollectionMigration.swift */,
				724E75A71CA6E3A80082841B /* CollectionMigrationOperations.swift */,
				724E75991CA69BD00082841B /* DatabaseMigrator.swift */,
				724E759D1CA69BEF0082841B /* Migration.swift */,
				724E759B1CA69BE40082841B /* MigrationList.swift */,
				724E75A31CA6C0AD0082841B /* MigrationOperations.swift */,
				724E75A11CA6BDFE0082841B /* MigrationState.swift */,
				724E759F1CA6B54D0082841B /* Result.swift */,
			);
			path = Migrations;
			sourceTree = "<group>";
		};
		724E75A91CA6E3BD0082841B /* Internals */ = {
			isa = PBXGroup;
			children = (
				724E75AA1CA6E3ED0082841B /* CollectionMigrationOperator.swift */,
			);
			path = Internals;
			sourceTree = "<group>";
		};
		724E75AC1CA6F74C0082841B /* Logger */ = {
			isa = PBXGroup;
			children = (
				724E75AD1CA6F76F0082841B /* Logger.swift */,
			);
			path = Logger;
			sourceTree = "<group>";
		};
		724E75B71CA945270082841B /* TurfRegressionTests */ = {
			isa = PBXGroup;
			children = (
				720C69E41CA9582A005C12E3 /* Common */,
				724E75B81CA945270082841B /* BasicRegressionTests.swift */,
				724E75BA1CA945270082841B /* Info.plist */,
				720C69E21CA9580B005C12E3 /* MigrationRegressionTests.swift */,
				720C69DE1CA957EA005C12E3 /* ObservableRegressionTests.swift */,
				720C69E01CA957FD005C12E3 /* SecondaryIndexingRegressionTests.swift */,
			);
			path = TurfRegressionTests;
			sourceTree = "<group>";
		};
		72B616D61BAF474A00CFE67C = {
			isa = PBXGroup;
			children = (
				726D24521C767D5C003CE68C /* libsqlite3.tbd */,
				72B616E21BAF474A00CFE67C /* Turf */,
				724E75B71CA945270082841B /* TurfRegressionTests */,
				72B616E11BAF474A00CFE67C /* Products */,
			);
			sourceTree = "<group>";
		};
		72B616E11BAF474A00CFE67C /* Products */ = {
			isa = PBXGroup;
			children = (
				72B616E01BAF474A00CFE67C /* Turf.framework */,
				724E75B61CA945270082841B /* TurfRegressionTests.xctest */,
			);
			name = Products;
			sourceTree = "<group>";
		};
		72B616E21BAF474A00CFE67C /* Turf */ = {
			isa = PBXGroup;
			children = (
				726D24541C767F02003CE68C /* sqlite3.h */,
				72EA32681C24B353003CEAFA /* Cache */,
				72297A8A1C257AF90001BE40 /* ChangeSet */,
				72088F7C1C1CD76400127EA0 /* Collection */,
				72088F821C1CD7C900127EA0 /* Core */,
				72088F7F1C1CD7B400127EA0 /* Extensions */,
				7218C9641C274D6D004457DB /* GCDWrapper */,
				72B616E51BAF474A00CFE67C /* Info.plist */,
				72D37B7E1BC326770087153A /* iOS.modulemap */,
				724E75AC1CA6F74C0082841B /* Logger */,
				724E75961CA69B010082841B /* Migrations */,
				720558321C518CF000B0847E /* Observable */,
				72088F7B1C1CD75800127EA0 /* SQLiteAdapter */,
				72B616E31BAF474A00CFE67C /* Turf.h */,
				7218C9611C274760004457DB /* Weak */,
			);
			path = Turf;
			sourceTree = "<group>";
		};
		72EA32681C24B353003CEAFA /* Cache */ = {
			isa = PBXGroup;
			children = (
				725E9E0E1C24B3A800364CE1 /* Cache.swift */,
				725E9E101C24B45E00364CE1 /* CacheEntry.swift */,
				72E1D9DE1C260C4B007335A1 /* SQLStatementCache.swift */,
			);
			path = Cache;
			sourceTree = "<group>";
		};
/* End PBXGroup section */

/* Begin PBXHeadersBuildPhase section */
		72B616DD1BAF474A00CFE67C /* Headers */ = {
			isa = PBXHeadersBuildPhase;
			buildActionMask = 2147483647;
			files = (
				726D24551C767F02003CE68C /* sqlite3.h in Headers */,
				72B616E41BAF474A00CFE67C /* Turf.h in Headers */,
			);
			runOnlyForDeploymentPostprocessing = 0;
		};
/* End PBXHeadersBuildPhase section */

/* Begin PBXNativeTarget section */
		724E75B51CA945270082841B /* TurfRegressionTests */ = {
			isa = PBXNativeTarget;
			buildConfigurationList = 724E75C01CA945270082841B /* Build configuration list for PBXNativeTarget "TurfRegressionTests" */;
			buildPhases = (
				724E75B21CA945270082841B /* Sources */,
				724E75B31CA945270082841B /* Frameworks */,
				724E75B41CA945270082841B /* Resources */,
			);
			buildRules = (
			);
			dependencies = (
				724E75BD1CA945270082841B /* PBXTargetDependency */,
			);
			name = TurfRegressionTests;
			productName = TurfRegressionTests;
			productReference = 724E75B61CA945270082841B /* TurfRegressionTests.xctest */;
			productType = "com.apple.product-type.bundle.unit-test";
		};
		72B616DF1BAF474A00CFE67C /* Turf */ = {
			isa = PBXNativeTarget;
			buildConfigurationList = 72B616F41BAF474A00CFE67C /* Build configuration list for PBXNativeTarget "Turf" */;
			buildPhases = (
				72B616DB1BAF474A00CFE67C /* Sources */,
				72B616DC1BAF474A00CFE67C /* Frameworks */,
				72B616DD1BAF474A00CFE67C /* Headers */,
				72B616DE1BAF474A00CFE67C /* Resources */,
			);
			buildRules = (
			);
			dependencies = (
			);
			name = Turf;
			productName = Turf;
			productReference = 72B616E01BAF474A00CFE67C /* Turf.framework */;
			productType = "com.apple.product-type.framework";
		};
/* End PBXNativeTarget section */

/* Begin PBXProject section */
		72B616D71BAF474A00CFE67C /* Project object */ = {
			isa = PBXProject;
			attributes = {
				LastSwiftUpdateCheck = 0730;
				LastUpgradeCheck = 0700;
				ORGANIZATIONNAME = JordanHamill;
				TargetAttributes = {
					724E75B51CA945270082841B = {
						CreatedOnToolsVersion = 7.3;
					};
					72B616DF1BAF474A00CFE67C = {
						CreatedOnToolsVersion = 7.0;
					};
				};
			};
			buildConfigurationList = 72B616DA1BAF474A00CFE67C /* Build configuration list for PBXProject "Turf" */;
			compatibilityVersion = "Xcode 3.2";
			developmentRegion = English;
			hasScannedForEncodings = 0;
			knownRegions = (
				en,
			);
			mainGroup = 72B616D61BAF474A00CFE67C;
			productRefGroup = 72B616E11BAF474A00CFE67C /* Products */;
			projectDirPath = "";
			projectRoot = "";
			targets = (
				72B616DF1BAF474A00CFE67C /* Turf */,
				724E75B51CA945270082841B /* TurfRegressionTests */,
			);
		};
/* End PBXProject section */

/* Begin PBXResourcesBuildPhase section */
		724E75B41CA945270082841B /* Resources */ = {
			isa = PBXResourcesBuildPhase;
			buildActionMask = 2147483647;
			files = (
			);
			runOnlyForDeploymentPostprocessing = 0;
		};
		72B616DE1BAF474A00CFE67C /* Resources */ = {
			isa = PBXResourcesBuildPhase;
			buildActionMask = 2147483647;
			files = (
			);
			runOnlyForDeploymentPostprocessing = 0;
		};
/* End PBXResourcesBuildPhase section */

/* Begin PBXSourcesBuildPhase section */
		724E75B21CA945270082841B /* Sources */ = {
			isa = PBXSourcesBuildPhase;
			buildActionMask = 2147483647;
			files = (
				724E75B91CA945270082841B /* BasicRegressionTests.swift in Sources */,
				720C69E11CA957FD005C12E3 /* SecondaryIndexingRegressionTests.swift in Sources */,
				720C69EC1CA95A10005C12E3 /* TestDatabase.swift in Sources */,
				F198DD211CC292E0008E9464 /* UnindexedTreesCollection.swift in Sources */,
				720C69E81CA95865005C12E3 /* CarModel.swift in Sources */,
				720C69DF1CA957EA005C12E3 /* ObservableRegressionTests.swift in Sources */,
				F198DD251CC297CF008E9464 /* TreeModel.swift in Sources */,
				720C69EA1CA958BF005C12E3 /* CarsCollection.swift in Sources */,
				F198DD231CC297A8008E9464 /* IndexedTreesCollection.swift in Sources */,
				720C69EE1CA95E19005C12E3 /* WheelModel.swift in Sources */,
				720C69E31CA9580B005C12E3 /* MigrationRegressionTests.swift in Sources */,
				720C69E61CA95848005C12E3 /* Collections.swift in Sources */,
				720C69F01CA95E66005C12E3 /* WheelsCollection.swift in Sources */,
			);
			runOnlyForDeploymentPostprocessing = 0;
		};
		72B616DB1BAF474A00CFE67C /* Sources */ = {
			isa = PBXSourcesBuildPhase;
			buildActionMask = 2147483647;
			files = (
				724C9B5C1C2575D700E9AD79 /* CollectionLocalStorage.swift in Sources */,
				720FA9B11C259D2000BEF295 /* ValuesSequence.swift in Sources */,
				72088FD71C1E10EF00127EA0 /* CollectionProperty.swift in Sources */,
				72662B5B1C57C0310058F6EF /* SQLiteTypeName.swift in Sources */,
				723178CA1CA0A5230089E7A8 /* IndexedPropertyFromCollection.swift in Sources */,
				72E7F4EA1C3433D9009C1D9D /* SQLiteError.swift in Sources */,
				724E75A61CA6C2890082841B /* CollectionMigration.swift in Sources */,
				7205583A1C518D5100B0847E /* ObserverOf.swift in Sources */,
				727B02481CA55B3B006D245A /* WhereClause.swift in Sources */,
				72F6F7001C24622A0059D72C /* ExtendedCollection.swift in Sources */,
				724E758A1CA5A04C0082841B /* ReadWriteCollection+IndexedCollection.swift in Sources */,
				72088F881C1CD8FE00127EA0 /* Connection.swift in Sources */,
				72088F9A1C1CE15100127EA0 /* ReadableCollection.swift in Sources */,
				720470C31C1E17B200EE0E63 /* ReadCollection+IndexedCollection.swift in Sources */,
				7269F0351C56DD7C007FF29B /* CollectionTypeObserver.swift in Sources */,
				72297A8E1C257CDB0001BE40 /* CollectionRowChange.swift in Sources */,
				724E75911CA5BD0B0082841B /* PreparedQuery.swift in Sources */,
				724E75A21CA6BDFE0082841B /* MigrationState.swift in Sources */,
				72610B581C5272BC0010D5B1 /* CallbackThread.swift in Sources */,
				725E9E0F1C24B3A800364CE1 /* Cache.swift in Sources */,
				72CC14631C271A2A0048F331 /* TypeErasedCollection.swift in Sources */,
				72088FAA1C1CE70800127EA0 /* CollectionsContainer.swift in Sources */,
				72662B591C57BF310058F6EF /* SQLiteType.swift in Sources */,
				724E75AB1CA6E3ED0082841B /* CollectionMigrationOperator.swift in Sources */,
				72345EAA1C1E254C0001A136 /* SQLiteAdapter.swift in Sources */,
				724E75AE1CA6F76F0082841B /* Logger.swift in Sources */,
				72345EA61C1E1B840001A136 /* SecondaryIndexConnection.swift in Sources */,
				720558401C51900E00B0847E /* TypedObservable.swift in Sources */,
				72088FB31C1CEB9500127EA0 /* IndexedProperties.swift in Sources */,
				724E75A41CA6C0AD0082841B /* MigrationOperations.swift in Sources */,
				724E75951CA5BD330082841B /* Connection+PreparedQuery.swift in Sources */,
				724E759E1CA69BEF0082841B /* Migration.swift in Sources */,
				7277F5481C4C01040081118D /* SQLiteCollection.swift in Sources */,
				72E1D9DF1C260C4B007335A1 /* SQLStatementCache.swift in Sources */,
				7206AFC01C4EF99A004E04D4 /* ObservingConnection.swift in Sources */,
				7218C9631C274778004457DB /* WeakBox.swift in Sources */,
				72088F841C1CD8C500127EA0 /* ReadTransaction.swift in Sources */,
				72088F861C1CD8E200127EA0 /* ReadWriteTransaction.swift in Sources */,
				723178CD1CA0A9040089E7A8 /* TypeErasedObservableCollection.swift in Sources */,
				724E758E1CA5BA400082841B /* ObservableCollection+IndexedCollection.swift in Sources */,
				7205583E1C518E0600B0847E /* BasicDisposable.swift in Sources */,
				720558341C518D1300B0847E /* Disposable.swift in Sources */,
				724E75A81CA6E3A80082841B /* CollectionMigrationOperations.swift in Sources */,
				720558361C518D2100B0847E /* DisposeBag.swift in Sources */,
				724E75A01CA6B54D0082841B /* Result.swift in Sources */,
				728C235C1C3B121E0033D986 /* CacheUpdates.swift in Sources */,
				722DCF651C5EAE020011C1EF /* ExistingExtensionInstallation.swift in Sources */,
				72297A8C1C257B290001BE40 /* SQLiteRowChangeType.swift in Sources */,
				720558381C518D2F00B0847E /* ObservableCollection.swift in Sources */,
				72088F8E1C1CD95600127EA0 /* ExtensionConnection.swift in Sources */,
				7218C9681C2809BB004457DB /* DispatchQueueType.swift in Sources */,
				72088F8A1C1CD91200127EA0 /* Database.swift in Sources */,
				72088FAF1C1CEB6500127EA0 /* SecondaryIndex.swift in Sources */,
				72088F981C1CE0B400127EA0 /* WritableCollection.swift in Sources */,
				72088F921C1CD9FA00127EA0 /* Collection.swift in Sources */,
				724E75931CA5BD160082841B /* ObservingConnection+PreparedQuery.swift in Sources */,
				7218C9661C274D94004457DB /* Dispatch.swift in Sources */,
				72088F901C1CD97A00127EA0 /* ExtensionWriteTransaction.swift in Sources */,
				72088FB11C1CEB8400127EA0 /* IndexedCollection.swift in Sources */,
				72088F8C1C1CD93E00127EA0 /* Extension.swift in Sources */,
				725E9E111C24B45E00364CE1 /* CacheEntry.swift in Sources */,
				724C9B5E1C2575F100E9AD79 /* TypeErasedCollectionLocalStorage.swift in Sources */,
				72088F941C1CDA1C00127EA0 /* ReadCollection.swift in Sources */,
				72662B5F1C57E7FE0058F6EF /* IndexedProperty.swift in Sources */,
				72297A901C257CE00001BE40 /* ChangeSet.swift in Sources */,
				727B024A1CA56BC5006D245A /* WhereClauses.swift in Sources */,
				724E759C1CA69BE40082841B /* MigrationList.swift in Sources */,
				724E759A1CA69BD00082841B /* DatabaseMigrator.swift in Sources */,
				72345EA81C1E1BA20001A136 /* SecondaryIndexWriteTransaction.swift in Sources */,
				72088F961C1CDA3200127EA0 /* ReadWriteCollection.swift in Sources */,
			);
			runOnlyForDeploymentPostprocessing = 0;
		};
/* End PBXSourcesBuildPhase section */

/* Begin PBXTargetDependency section */
		724E75BD1CA945270082841B /* PBXTargetDependency */ = {
			isa = PBXTargetDependency;
			target = 72B616DF1BAF474A00CFE67C /* Turf */;
			targetProxy = 724E75BC1CA945270082841B /* PBXContainerItemProxy */;
		};
/* End PBXTargetDependency section */

/* Begin XCBuildConfiguration section */
		724E75BE1CA945270082841B /* Debug */ = {
			isa = XCBuildConfiguration;
			buildSettings = {
				CLANG_ANALYZER_NONNULL = YES;
				INFOPLIST_FILE = TurfRegressionTests/Info.plist;
				IPHONEOS_DEPLOYMENT_TARGET = 9.3;
				LD_RUNPATH_SEARCH_PATHS = "$(inherited) @executable_path/Frameworks @loader_path/Frameworks";
				PRODUCT_BUNDLE_IDENTIFIER = com.jordanhamill.TurfRegressionTests;
				PRODUCT_NAME = "$(TARGET_NAME)";
			};
			name = Debug;
		};
		724E75BF1CA945270082841B /* Release */ = {
			isa = XCBuildConfiguration;
			buildSettings = {
				CLANG_ANALYZER_NONNULL = YES;
				INFOPLIST_FILE = TurfRegressionTests/Info.plist;
				IPHONEOS_DEPLOYMENT_TARGET = 9.3;
				LD_RUNPATH_SEARCH_PATHS = "$(inherited) @executable_path/Frameworks @loader_path/Frameworks";
				PRODUCT_BUNDLE_IDENTIFIER = com.jordanhamill.TurfRegressionTests;
				PRODUCT_NAME = "$(TARGET_NAME)";
			};
			name = Release;
		};
		72B616F21BAF474A00CFE67C /* Debug */ = {
			isa = XCBuildConfiguration;
			buildSettings = {
				ALWAYS_SEARCH_USER_PATHS = NO;
				CLANG_CXX_LANGUAGE_STANDARD = "gnu++0x";
				CLANG_CXX_LIBRARY = "libc++";
				CLANG_ENABLE_MODULES = YES;
				CLANG_ENABLE_OBJC_ARC = YES;
				CLANG_WARN_BOOL_CONVERSION = YES;
				CLANG_WARN_CONSTANT_CONVERSION = YES;
				CLANG_WARN_DIRECT_OBJC_ISA_USAGE = YES_ERROR;
				CLANG_WARN_EMPTY_BODY = YES;
				CLANG_WARN_ENUM_CONVERSION = YES;
				CLANG_WARN_INT_CONVERSION = YES;
				CLANG_WARN_OBJC_ROOT_CLASS = YES_ERROR;
				CLANG_WARN_UNREACHABLE_CODE = YES;
				CLANG_WARN__DUPLICATE_METHOD_MATCH = YES;
				"CODE_SIGN_IDENTITY[sdk=iphoneos*]" = "iPhone Developer";
				COPY_PHASE_STRIP = NO;
				CURRENT_PROJECT_VERSION = 1;
				DEBUG_INFORMATION_FORMAT = dwarf;
				ENABLE_STRICT_OBJC_MSGSEND = YES;
				ENABLE_TESTABILITY = YES;
				GCC_C_LANGUAGE_STANDARD = gnu99;
				GCC_DYNAMIC_NO_PIC = NO;
				GCC_NO_COMMON_BLOCKS = YES;
				GCC_OPTIMIZATION_LEVEL = 0;
				GCC_PREPROCESSOR_DEFINITIONS = (
					"DEBUG=1",
					"$(inherited)",
				);
				GCC_WARN_64_TO_32_BIT_CONVERSION = YES;
				GCC_WARN_ABOUT_RETURN_TYPE = YES_ERROR;
				GCC_WARN_UNDECLARED_SELECTOR = YES;
				GCC_WARN_UNINITIALIZED_AUTOS = YES_AGGRESSIVE;
				GCC_WARN_UNUSED_FUNCTION = YES;
				GCC_WARN_UNUSED_VARIABLE = YES;
				IPHONEOS_DEPLOYMENT_TARGET = 9.0;
				MTL_ENABLE_DEBUG_INFO = YES;
				ONLY_ACTIVE_ARCH = YES;
				SDKROOT = iphoneos;
				SWIFT_OPTIMIZATION_LEVEL = "-Onone";
				TARGETED_DEVICE_FAMILY = "1,2";
				VERSIONING_SYSTEM = "apple-generic";
				VERSION_INFO_PREFIX = "";
			};
			name = Debug;
		};
		72B616F31BAF474A00CFE67C /* Release */ = {
			isa = XCBuildConfiguration;
			buildSettings = {
				ALWAYS_SEARCH_USER_PATHS = NO;
				CLANG_CXX_LANGUAGE_STANDARD = "gnu++0x";
				CLANG_CXX_LIBRARY = "libc++";
				CLANG_ENABLE_MODULES = YES;
				CLANG_ENABLE_OBJC_ARC = YES;
				CLANG_WARN_BOOL_CONVERSION = YES;
				CLANG_WARN_CONSTANT_CONVERSION = YES;
				CLANG_WARN_DIRECT_OBJC_ISA_USAGE = YES_ERROR;
				CLANG_WARN_EMPTY_BODY = YES;
				CLANG_WARN_ENUM_CONVERSION = YES;
				CLANG_WARN_INT_CONVERSION = YES;
				CLANG_WARN_OBJC_ROOT_CLASS = YES_ERROR;
				CLANG_WARN_UNREACHABLE_CODE = YES;
				CLANG_WARN__DUPLICATE_METHOD_MATCH = YES;
				"CODE_SIGN_IDENTITY[sdk=iphoneos*]" = "iPhone Developer";
				COPY_PHASE_STRIP = NO;
				CURRENT_PROJECT_VERSION = 1;
				DEBUG_INFORMATION_FORMAT = "dwarf-with-dsym";
				ENABLE_NS_ASSERTIONS = NO;
				ENABLE_STRICT_OBJC_MSGSEND = YES;
				GCC_C_LANGUAGE_STANDARD = gnu99;
				GCC_NO_COMMON_BLOCKS = YES;
				GCC_WARN_64_TO_32_BIT_CONVERSION = YES;
				GCC_WARN_ABOUT_RETURN_TYPE = YES_ERROR;
				GCC_WARN_UNDECLARED_SELECTOR = YES;
				GCC_WARN_UNINITIALIZED_AUTOS = YES_AGGRESSIVE;
				GCC_WARN_UNUSED_FUNCTION = YES;
				GCC_WARN_UNUSED_VARIABLE = YES;
				IPHONEOS_DEPLOYMENT_TARGET = 9.0;
				MTL_ENABLE_DEBUG_INFO = NO;
				SDKROOT = iphoneos;
				TARGETED_DEVICE_FAMILY = "1,2";
				VALIDATE_PRODUCT = YES;
				VERSIONING_SYSTEM = "apple-generic";
				VERSION_INFO_PREFIX = "";
			};
			name = Release;
		};
		72B616F51BAF474A00CFE67C /* Debug */ = {
			isa = XCBuildConfiguration;
			buildSettings = {
				CLANG_ENABLE_MODULES = YES;
				DEFINES_MODULE = YES;
				DYLIB_COMPATIBILITY_VERSION = 1;
				DYLIB_CURRENT_VERSION = 1;
				DYLIB_INSTALL_NAME_BASE = "@rpath";
				FRAMEWORK_SEARCH_PATHS = "$(inherited)";
				INFOPLIST_FILE = Turf/Info.plist;
				INSTALL_PATH = "$(LOCAL_LIBRARY_DIR)/Frameworks";
				LD_RUNPATH_SEARCH_PATHS = "$(inherited) @executable_path/Frameworks @loader_path/Frameworks";
				MODULEMAP_FILE = "";
				OTHER_LDFLAGS = "";
				PRODUCT_BUNDLE_IDENTIFIER = com.jordanhamill.Turf;
				PRODUCT_NAME = "$(TARGET_NAME)";
				SKIP_INSTALL = YES;
				SWIFT_OPTIMIZATION_LEVEL = "-Onone";
			};
			name = Debug;
		};
		72B616F61BAF474A00CFE67C /* Release */ = {
			isa = XCBuildConfiguration;
			buildSettings = {
				CLANG_ENABLE_MODULES = YES;
				DEFINES_MODULE = YES;
				DYLIB_COMPATIBILITY_VERSION = 1;
				DYLIB_CURRENT_VERSION = 1;
				DYLIB_INSTALL_NAME_BASE = "@rpath";
				FRAMEWORK_SEARCH_PATHS = "$(inherited)";
				INFOPLIST_FILE = Turf/Info.plist;
				INSTALL_PATH = "$(LOCAL_LIBRARY_DIR)/Frameworks";
				LD_RUNPATH_SEARCH_PATHS = "$(inherited) @executable_path/Frameworks @loader_path/Frameworks";
				MODULEMAP_FILE = "";
				OTHER_LDFLAGS = "";
				PRODUCT_BUNDLE_IDENTIFIER = com.jordanhamill.Turf;
				PRODUCT_NAME = "$(TARGET_NAME)";
				SKIP_INSTALL = YES;
			};
			name = Release;
		};
/* End XCBuildConfiguration section */

/* Begin XCConfigurationList section */
		724E75C01CA945270082841B /* Build configuration list for PBXNativeTarget "TurfRegressionTests" */ = {
			isa = XCConfigurationList;
			buildConfigurations = (
				724E75BE1CA945270082841B /* Debug */,
				724E75BF1CA945270082841B /* Release */,
			);
			defaultConfigurationIsVisible = 0;
			defaultConfigurationName = Release;
		};
		72B616DA1BAF474A00CFE67C /* Build configuration list for PBXProject "Turf" */ = {
			isa = XCConfigurationList;
			buildConfigurations = (
				72B616F21BAF474A00CFE67C /* Debug */,
				72B616F31BAF474A00CFE67C /* Release */,
			);
			defaultConfigurationIsVisible = 0;
			defaultConfigurationName = Release;
		};
		72B616F41BAF474A00CFE67C /* Build configuration list for PBXNativeTarget "Turf" */ = {
			isa = XCConfigurationList;
			buildConfigurations = (
				72B616F51BAF474A00CFE67C /* Debug */,
				72B616F61BAF474A00CFE67C /* Release */,
			);
			defaultConfigurationIsVisible = 0;
			defaultConfigurationName = Release;
		};
/* End XCConfigurationList section */
	};
	rootObject = 72B616D71BAF474A00CFE67C /* Project object */;
}
